
Microsoft Visual Studio Solution File, Format Version 12.00
# Visual Studio Version 16
VisualStudioVersion = 16.0.31112.23
MinimumVisualStudioVersion = 10.0.40219.1
Project("{9A19103F-16F7-4668-BE54-9A1E7A4F7556}") = "MetricsManager", "MetricsManager.csproj", "{F498CCD2-8E8D-4D82-BD67-AED88906169F}"
EndProject
Project("{9A19103F-16F7-4668-BE54-9A1E7A4F7556}") = "MetricsManagerTests", "..\MetricsManagerTests\MetricsManagerTests.csproj", "{A8097329-2FB3-4C7A-8CE8-5D73D243C755}"
EndProject
Project("{9A19103F-16F7-4668-BE54-9A1E7A4F7556}") = "MetricsAgentTests", "..\MetricsAgentTests\MetricsAgentTests.csproj", "{9AA121BD-ED78-4855-BE7F-B72C966C9C68}"
EndProject
Project("{9A19103F-16F7-4668-BE54-9A1E7A4F7556}") = "Core", "..\Core\Core.csproj", "{150EDF6B-F40F-4715-9A3A-08557A26925E}"
EndProject
Project("{9A19103F-16F7-4668-BE54-9A1E7A4F7556}") = "MetricsAgent", "..\MetricsAgent\MetricsAgent.csproj", "{4278E598-56B1-45EF-8157-F217B474E608}"
EndProject
Project("{FAE04EC0-301F-11D3-BF4B-00C04F79EFBC}") = "MetricsManagerClient", "..\MetricsManagerClient\MetricsManagerClient.csproj", "{2B10547A-BA6E-4503-8762-EBA5583C2517}"
EndProject
Global
	GlobalSection(SolutionConfigurationPlatforms) = preSolution
		Debug|Any CPU = Debug|Any CPU
		Release|Any CPU = Release|Any CPU
	EndGlobalSection
	GlobalSection(ProjectConfigurationPlatforms) = postSolution
		{F498CCD2-8E8D-4D82-BD67-AED88906169F}.Debug|Any CPU.ActiveCfg = Debug|Any CPU
		{F498CCD2-8E8D-4D82-BD67-AED88906169F}.Debug|Any CPU.Build.0 = Debug|Any CPU
		{F498CCD2-8E8D-4D82-BD67-AED88906169F}.Release|Any CPU.ActiveCfg = Release|Any CPU
		{F498CCD2-8E8D-4D82-BD67-AED88906169F}.Release|Any CPU.Build.0 = Release|Any CPU
		{A8097329-2FB3-4C7A-8CE8-5D73D243C755}.Debug|Any CPU.ActiveCfg = Debug|Any CPU
		{A8097329-2FB3-4C7A-8CE8-5D73D243C755}.Debug|Any CPU.Build.0 = Debug|Any CPU
		{A8097329-2FB3-4C7A-8CE8-5D73D243C755}.Release|Any CPU.ActiveCfg = Release|Any CPU
		{A8097329-2FB3-4C7A-8CE8-5D73D243C755}.Release|Any CPU.Build.0 = Release|Any CPU
		{9AA121BD-ED78-4855-BE7F-B72C966C9C68}.Debug|Any CPU.ActiveCfg = Debug|Any CPU
		{9AA121BD-ED78-4855-BE7F-B72C966C9C68}.Debug|Any CPU.Build.0 = Debug|Any CPU
		{9AA121BD-ED78-4855-BE7F-B72C966C9C68}.Release|Any CPU.ActiveCfg = Release|Any CPU
		{9AA121BD-ED78-4855-BE7F-B72C966C9C68}.Release|Any CPU.Build.0 = Release|Any CPU
		{150EDF6B-F40F-4715-9A3A-08557A26925E}.Debug|Any CPU.ActiveCfg = Debug|Any CPU
		{150EDF6B-F40F-4715-9A3A-08557A26925E}.Debug|Any CPU.Build.0 = Debug|Any CPU
		{150EDF6B-F40F-4715-9A3A-08557A26925E}.Release|Any CPU.ActiveCfg = Release|Any CPU
		{150EDF6B-F40F-4715-9A3A-08557A26925E}.Release|Any CPU.Build.0 = Release|Any CPU
		{4278E598-56B1-45EF-8157-F217B474E608}.Debug|Any CPU.ActiveCfg = Debug|Any CPU
		{4278E598-56B1-45EF-8157-F217B474E608}.Debug|Any CPU.Build.0 = Debug|Any CPU
		{4278E598-56B1-45EF-8157-F217B474E608}.Release|Any CPU.ActiveCfg = Release|Any CPU
		{4278E598-56B1-45EF-8157-F217B474E608}.Release|Any CPU.Build.0 = Release|Any CPU
		{2B10547A-BA6E-4503-8762-EBA5583C2517}.Debug|Any CPU.ActiveCfg = Debug|Any CPU
		{2B10547A-BA6E-4503-8762-EBA5583C2517}.Debug|Any CPU.Build.0 = Debug|Any CPU
		{2B10547A-BA6E-4503-8762-EBA5583C2517}.Release|Any CPU.ActiveCfg = Release|Any CPU
		{2B10547A-BA6E-4503-8762-EBA5583C2517}.Release|Any CPU.Build.0 = Release|Any CPU
	EndGlobalSection
	GlobalSection(SolutionProperties) = preSolution
		HideSolutionNode = FALSE
	EndGlobalSection
	GlobalSection(ExtensibilityGlobals) = postSolution
		SolutionGuid = {556379E1-ADFC-4B02-8617-415CE183671D}
	EndGlobalSection
EndGlobal
